
Microsoft Visual Studio Solution File, Format Version 12.00
# Visual Studio Version 16
VisualStudioVersion = 16.0.29318.209
MinimumVisualStudioVersion = 10.0.40219.1
Project("{FAE04EC0-301F-11D3-BF4B-00C04F79EFBC}") = "LINQ Problems", "LINQ Problems\LINQ Problems.csproj", "{CD4D42A5-FB71-4354-8E89-A6FAA5B7AC49}"
EndProject
Global
	GlobalSection(SolutionConfigurationPlatforms) = preSolution
		Debug|Any CPU = Debug|Any CPU
		Release|Any CPU = Release|Any CPU
	EndGlobalSection
	GlobalSection(ProjectConfigurationPlatforms) = postSolution
		{CD4D42A5-FB71-4354-8E89-A6FAA5B7AC49}.Debug|Any CPU.ActiveCfg = Debug|Any CPU
		{CD4D42A5-FB71-4354-8E89-A6FAA5B7AC49}.Debug|Any CPU.Build.0 = Debug|Any CPU
		{CD4D42A5-FB71-4354-8E89-A6FAA5B7AC49}.Release|Any CPU.ActiveCfg = Release|Any CPU
		{CD4D42A5-FB71-4354-8E89-A6FAA5B7AC49}.Release|Any CPU.Build.0 = Release|Any CPU
	EndGlobalSection
	GlobalSection(SolutionProperties) = preSolution
		HideSolutionNode = FALSE
	EndGlobalSection
	GlobalSection(ExtensibilityGlobals) = postSolution
		SolutionGuid = {596355BB-032D-4A94-B088-5A324E5D3F60}
	EndGlobalSection
EndGlobal
